
Microsoft Visual Studio Solution File, Format Version 12.00
# Visual Studio Version 16
VisualStudioVersion = 16.0.32106.194
MinimumVisualStudioVersion = 10.0.40219.1
Project("{FAE04EC0-301F-11D3-BF4B-00C04F79EFBC}") = "VirtualKeyBoard", "VirtualKeyBoard\VirtualKeyBoard.csproj", "{0272703D-4885-401B-AA09-3307508D986A}"
EndProject
Global
	GlobalSection(SolutionConfigurationPlatforms) = preSolution
		Debug|Any CPU = Debug|Any CPU
		Release|Any CPU = Release|Any CPU
	EndGlobalSection
	GlobalSection(ProjectConfigurationPlatforms) = postSolution
		{0272703D-4885-401B-AA09-3307508D986A}.Debug|Any CPU.ActiveCfg = Debug|Any CPU
		{0272703D-4885-401B-AA09-3307508D986A}.Debug|Any CPU.Build.0 = Debug|Any CPU
		{0272703D-4885-401B-AA09-3307508D986A}.Release|Any CPU.ActiveCfg = Release|Any CPU
		{0272703D-4885-401B-AA09-3307508D986A}.Release|Any CPU.Build.0 = Release|Any CPU
	EndGlobalSection
	GlobalSection(SolutionProperties) = preSolution
		HideSolutionNode = FALSE
	EndGlobalSection
	GlobalSection(ExtensibilityGlobals) = postSolution
		SolutionGuid = {452AB614-B9A0-4118-B967-537EFD92C052}
	EndGlobalSection
EndGlobal
